// !$*UTF8*$!
{
	archiveVersion = 1;
	classes = {
	};
	objectVersion = 50;
	objects = {

/* Begin PBXBuildFile section */
		A7E1A823207E5BD8004E5949 /* RCTUserLocation.m in Sources */ = {isa = PBXBuildFile; fileRef = A7E1A81E207E5BD8004E5949 /* RCTUserLocation.m */; };
		A7E1A824207E5BD8004E5949 /* RCTCoordinate.m in Sources */ = {isa = PBXBuildFile; fileRef = A7E1A81F207E5BD8004E5949 /* RCTCoordinate.m */; };
		A7E1A825207E5BD8004E5949 /* RCTConvert+BaiduMap.m in Sources */ = {isa = PBXBuildFile; fileRef = A7E1A820207E5BD8004E5949 /* RCTConvert+BaiduMap.m */; };
		A7E1A83E207E5C17004E5949 /* RCTCallout.m in Sources */ = {isa = PBXBuildFile; fileRef = A7E1A827207E5C14004E5949 /* RCTCallout.m */; };
		A7E1A83F207E5C17004E5949 /* RCTOverlay.m in Sources */ = {isa = PBXBuildFile; fileRef = A7E1A828207E5C14004E5949 /* RCTOverlay.m */; };
		A7E1A840207E5C17004E5949 /* RCTMarker.m in Sources */ = {isa = PBXBuildFile; fileRef = A7E1A829207E5C15004E5949 /* RCTMarker.m */; };
		A7E1A841207E5C17004E5949 /* RCTPolyline.m in Sources */ = {isa = PBXBuildFile; fileRef = A7E1A82A207E5C15004E5949 /* RCTPolyline.m */; };
		A7E1A842207E5C17004E5949 /* RCTCircle.m in Sources */ = {isa = PBXBuildFile; fileRef = A7E1A82B207E5C15004E5949 /* RCTCircle.m */; };
		A7E1A843207E5C17004E5949 /* RCTCalloutManager.m in Sources */ = {isa = PBXBuildFile; fileRef = A7E1A82C207E5C15004E5949 /* RCTCalloutManager.m */; };
		A7E1A844207E5C17004E5949 /* RCTHeatMap.m in Sources */ = {isa = PBXBuildFile; fileRef = A7E1A82D207E5C15004E5949 /* RCTHeatMap.m */; };
		A7E1A845207E5C17004E5949 /* RCTCircleManager.m in Sources */ = {isa = PBXBuildFile; fileRef = A7E1A833207E5C16004E5949 /* RCTCircleManager.m */; };
		A7E1A846207E5C17004E5949 /* RCTHeatMapManager.m in Sources */ = {isa = PBXBuildFile; fileRef = A7E1A834207E5C16004E5949 /* RCTHeatMapManager.m */; };
		A7E1A847207E5C17004E5949 /* RCTMapViewManager.m in Sources */ = {isa = PBXBuildFile; fileRef = A7E1A835207E5C16004E5949 /* RCTMapViewManager.m */; };
		A7E1A848207E5C17004E5949 /* RCTMapView.m in Sources */ = {isa = PBXBuildFile; fileRef = A7E1A836207E5C16004E5949 /* RCTMapView.m */; };
		A7E1A849207E5C17004E5949 /* RCTPolygon.m in Sources */ = {isa = PBXBuildFile; fileRef = A7E1A839207E5C16004E5949 /* RCTPolygon.m */; };
		A7E1A84A207E5C17004E5949 /* RCTMarkerManager.m in Sources */ = {isa = PBXBuildFile; fileRef = A7E1A83B207E5C17004E5949 /* RCTMarkerManager.m */; };
		A7E1A84B207E5C17004E5949 /* RCTPolylineManager.m in Sources */ = {isa = PBXBuildFile; fileRef = A7E1A83C207E5C17004E5949 /* RCTPolylineManager.m */; };
		A7E1A84C207E5C17004E5949 /* RCTPolygonManager.m in Sources */ = {isa = PBXBuildFile; fileRef = A7E1A83D207E5C17004E5949 /* RCTPolygonManager.m */; };
		A7E1A851207E5C7F004E5949 /* RCTLocationModule.m in Sources */ = {isa = PBXBuildFile; fileRef = A7E1A84E207E5C7E004E5949 /* RCTLocationModule.m */; };
		A7E1A852207E5C7F004E5949 /* RCTGeocodeModule.m in Sources */ = {isa = PBXBuildFile; fileRef = A7E1A84F207E5C7F004E5949 /* RCTGeocodeModule.m */; };
		A7E1A853207E5C7F004E5949 /* RCTInitializerModule.m in Sources */ = {isa = PBXBuildFile; fileRef = A7E1A850207E5C7F004E5949 /* RCTInitializerModule.m */; };
		A7E1AA38207E7D7F004E5949 /* RCTMarker.bundle in Resources */ = {isa = PBXBuildFile; fileRef = A7E1A9E7207E7AE6004E5949 /* RCTMarker.bundle */; };
		A7E1AA41207E7EAD004E5949 /* marker@3x.png in Resources */ = {isa = PBXBuildFile; fileRef = A7E1AA3F207E7EAD004E5949 /* marker@3x.png */; };
		A7E1AA42207E7EAD004E5949 /* marker@2x.png in Resources */ = {isa = PBXBuildFile; fileRef = A7E1AA40207E7EAD004E5949 /* marker@2x.png */; };
		A7E1AA44207EAEE0004E5949 /* RCTRouteModule.mm in Sources */ = {isa = PBXBuildFile; fileRef = A7E1AA43207EAEE0004E5949 /* RCTRouteModule.mm */; };
/* End PBXBuildFile section */

/* Begin PBXCopyFilesBuildPhase section */
		A76BCB17207DB30A009B22F5 /* CopyFiles */ = {
			isa = PBXCopyFilesBuildPhase;
			buildActionMask = 2147483647;
			dstPath = "include/$(PRODUCT_NAME)";
			dstSubfolderSpec = 16;
			files = (
			);
			runOnlyForDeploymentPostprocessing = 0;
		};
/* End PBXCopyFilesBuildPhase section */

/* Begin PBXFileReference section */
		A76BCB19207DB30A009B22F5 /* libRCTCozBaiduMap.a */ = {isa = PBXFileReference; explicitFileType = archive.ar; includeInIndex = 0; path = libRCTCozBaiduMap.a; sourceTree = BUILT_PRODUCTS_DIR; };
		A7E1A81E207E5BD8004E5949 /* RCTUserLocation.m */ = {isa = PBXFileReference; fileEncoding = 4; lastKnownFileType = sourcecode.c.objc; path = RCTUserLocation.m; sourceTree = "<group>"; };
		A7E1A81F207E5BD8004E5949 /* RCTCoordinate.m */ = {isa = PBXFileReference; fileEncoding = 4; lastKnownFileType = sourcecode.c.objc; path = RCTCoordinate.m; sourceTree = "<group>"; };
		A7E1A820207E5BD8004E5949 /* RCTConvert+BaiduMap.m */ = {isa = PBXFileReference; fileEncoding = 4; lastKnownFileType = sourcecode.c.objc; path = "RCTConvert+BaiduMap.m"; sourceTree = "<group>"; };
		A7E1A821207E5BD8004E5949 /* RCTUserLocation.h */ = {isa = PBXFileReference; fileEncoding = 4; lastKnownFileType = sourcecode.c.h; path = RCTUserLocation.h; sourceTree = "<group>"; };
		A7E1A822207E5BD8004E5949 /* RCTCoordinate.h */ = {isa = PBXFileReference; fileEncoding = 4; lastKnownFileType = sourcecode.c.h; path = RCTCoordinate.h; sourceTree = "<group>"; };
		A7E1A827207E5C14004E5949 /* RCTCallout.m */ = {isa = PBXFileReference; fileEncoding = 4; lastKnownFileType = sourcecode.c.objc; path = RCTCallout.m; sourceTree = "<group>"; };
		A7E1A828207E5C14004E5949 /* RCTOverlay.m */ = {isa = PBXFileReference; fileEncoding = 4; lastKnownFileType = sourcecode.c.objc; path = RCTOverlay.m; sourceTree = "<group>"; };
		A7E1A829207E5C15004E5949 /* RCTMarker.m */ = {isa = PBXFileReference; fileEncoding = 4; lastKnownFileType = sourcecode.c.objc; path = RCTMarker.m; sourceTree = "<group>"; };
		A7E1A82A207E5C15004E5949 /* RCTPolyline.m */ = {isa = PBXFileReference; fileEncoding = 4; lastKnownFileType = sourcecode.c.objc; path = RCTPolyline.m; sourceTree = "<group>"; };
		A7E1A82B207E5C15004E5949 /* RCTCircle.m */ = {isa = PBXFileReference; fileEncoding = 4; lastKnownFileType = sourcecode.c.objc; path = RCTCircle.m; sourceTree = "<group>"; };
		A7E1A82C207E5C15004E5949 /* RCTCalloutManager.m */ = {isa = PBXFileReference; fileEncoding = 4; lastKnownFileType = sourcecode.c.objc; path = RCTCalloutManager.m; sourceTree = "<group>"; };
		A7E1A82D207E5C15004E5949 /* RCTHeatMap.m */ = {isa = PBXFileReference; fileEncoding = 4; lastKnownFileType = sourcecode.c.objc; path = RCTHeatMap.m; sourceTree = "<group>"; };
		A7E1A82E207E5C15004E5949 /* RCTCircle.h */ = {isa = PBXFileReference; fileEncoding = 4; lastKnownFileType = sourcecode.c.h; path = RCTCircle.h; sourceTree = "<group>"; };
		A7E1A82F207E5C15004E5949 /* RCTHeatMap.h */ = {isa = PBXFileReference; fileEncoding = 4; lastKnownFileType = sourcecode.c.h; path = RCTHeatMap.h; sourceTree = "<group>"; };
		A7E1A830207E5C15004E5949 /* RCTMapView.h */ = {isa = PBXFileReference; fileEncoding = 4; lastKnownFileType = sourcecode.c.h; path = RCTMapView.h; sourceTree = "<group>"; };
		A7E1A831207E5C15004E5949 /* RCTCallout.h */ = {isa = PBXFileReference; fileEncoding = 4; lastKnownFileType = sourcecode.c.h; path = RCTCallout.h; sourceTree = "<group>"; };
		A7E1A832207E5C15004E5949 /* RCTOverlay.h */ = {isa = PBXFileReference; fileEncoding = 4; lastKnownFileType = sourcecode.c.h; path = RCTOverlay.h; sourceTree = "<group>"; };
		A7E1A833207E5C16004E5949 /* RCTCircleManager.m */ = {isa = PBXFileReference; fileEncoding = 4; lastKnownFileType = sourcecode.c.objc; path = RCTCircleManager.m; sourceTree = "<group>"; };
		A7E1A834207E5C16004E5949 /* RCTHeatMapManager.m */ = {isa = PBXFileReference; fileEncoding = 4; lastKnownFileType = sourcecode.c.objc; path = RCTHeatMapManager.m; sourceTree = "<group>"; };
		A7E1A835207E5C16004E5949 /* RCTMapViewManager.m */ = {isa = PBXFileReference; fileEncoding = 4; lastKnownFileType = sourcecode.c.objc; path = RCTMapViewManager.m; sourceTree = "<group>"; };
		A7E1A836207E5C16004E5949 /* RCTMapView.m */ = {isa = PBXFileReference; fileEncoding = 4; lastKnownFileType = sourcecode.c.objc; path = RCTMapView.m; sourceTree = "<group>"; };
		A7E1A837207E5C16004E5949 /* RCTMarker.h */ = {isa = PBXFileReference; fileEncoding = 4; lastKnownFileType = sourcecode.c.h; path = RCTMarker.h; sourceTree = "<group>"; };
		A7E1A838207E5C16004E5949 /* RCTPolygon.h */ = {isa = PBXFileReference; fileEncoding = 4; lastKnownFileType = sourcecode.c.h; path = RCTPolygon.h; sourceTree = "<group>"; };
		A7E1A839207E5C16004E5949 /* RCTPolygon.m */ = {isa = PBXFileReference; fileEncoding = 4; lastKnownFileType = sourcecode.c.objc; path = RCTPolygon.m; sourceTree = "<group>"; };
		A7E1A83A207E5C17004E5949 /* RCTPolyline.h */ = {isa = PBXFileReference; fileEncoding = 4; lastKnownFileType = sourcecode.c.h; path = RCTPolyline.h; sourceTree = "<group>"; };
		A7E1A83B207E5C17004E5949 /* RCTMarkerManager.m */ = {isa = PBXFileReference; fileEncoding = 4; lastKnownFileType = sourcecode.c.objc; path = RCTMarkerManager.m; sourceTree = "<group>"; };
		A7E1A83C207E5C17004E5949 /* RCTPolylineManager.m */ = {isa = PBXFileReference; fileEncoding = 4; lastKnownFileType = sourcecode.c.objc; path = RCTPolylineManager.m; sourceTree = "<group>"; };
		A7E1A83D207E5C17004E5949 /* RCTPolygonManager.m */ = {isa = PBXFileReference; fileEncoding = 4; lastKnownFileType = sourcecode.c.objc; path = RCTPolygonManager.m; sourceTree = "<group>"; };
		A7E1A84E207E5C7E004E5949 /* RCTLocationModule.m */ = {isa = PBXFileReference; fileEncoding = 4; lastKnownFileType = sourcecode.c.objc; path = RCTLocationModule.m; sourceTree = "<group>"; };
		A7E1A84F207E5C7F004E5949 /* RCTGeocodeModule.m */ = {isa = PBXFileReference; fileEncoding = 4; lastKnownFileType = sourcecode.c.objc; path = RCTGeocodeModule.m; sourceTree = "<group>"; };
		A7E1A850207E5C7F004E5949 /* RCTInitializerModule.m */ = {isa = PBXFileReference; fileEncoding = 4; lastKnownFileType = sourcecode.c.objc; path = RCTInitializerModule.m; sourceTree = "<group>"; };
		A7E1A9E7207E7AE6004E5949 /* RCTMarker.bundle */ = {isa = PBXFileReference; lastKnownFileType = "wrapper.plug-in"; path = RCTMarker.bundle; sourceTree = "<group>"; };
		A7E1AA3F207E7EAD004E5949 /* marker@3x.png */ = {isa = PBXFileReference; lastKnownFileType = image.png; path = "marker@3x.png"; sourceTree = "<group>"; };
		A7E1AA40207E7EAD004E5949 /* marker@2x.png */ = {isa = PBXFileReference; lastKnownFileType = image.png; path = "marker@2x.png"; sourceTree = "<group>"; };
		A7E1AA43207EAEE0004E5949 /* RCTRouteModule.mm */ = {isa = PBXFileReference; lastKnownFileType = sourcecode.cpp.objcpp; path = RCTRouteModule.mm; sourceTree = "<group>"; };
/* End PBXFileReference section */

/* Begin PBXFrameworksBuildPhase section */
		A76BCB16207DB30A009B22F5 /* Frameworks */ = {
			isa = PBXFrameworksBuildPhase;
			buildActionMask = 2147483647;
			files = (
			);
			runOnlyForDeploymentPostprocessing = 0;
		};
/* End PBXFrameworksBuildPhase section */

/* Begin PBXGroup section */
		A76BCB10207DB30A009B22F5 = {
			isa = PBXGroup;
			children = (
				A7E1A81D207E5B78004E5949 /* RCTCozBaiduMap */,
				A76BCB1A207DB30A009B22F5 /* Products */,
			);
			sourceTree = "<group>";
		};
		A76BCB1A207DB30A009B22F5 /* Products */ = {
			isa = PBXGroup;
			children = (
				A76BCB19207DB30A009B22F5 /* libRCTCozBaiduMap.a */,
			);
			name = Products;
			sourceTree = "<group>";
		};
		A7E1A81D207E5B78004E5949 /* RCTCozBaiduMap */ = {
			isa = PBXGroup;
			children = (
				A7E1A854207E5C95004E5949 /* Resources */,
				A7E1A84D207E5C3D004E5949 /* Modules */,
				A7E1A826207E5BF2004E5949 /* MapView */,
				A7E1A820207E5BD8004E5949 /* RCTConvert+BaiduMap.m */,
				A7E1A822207E5BD8004E5949 /* RCTCoordinate.h */,
				A7E1A81F207E5BD8004E5949 /* RCTCoordinate.m */,
				A7E1A821207E5BD8004E5949 /* RCTUserLocation.h */,
				A7E1A81E207E5BD8004E5949 /* RCTUserLocation.m */,
			);
			path = RCTCozBaiduMap;
			sourceTree = "<group>";
		};
		A7E1A826207E5BF2004E5949 /* MapView */ = {
			isa = PBXGroup;
			children = (
				A7E1A831207E5C15004E5949 /* RCTCallout.h */,
				A7E1A827207E5C14004E5949 /* RCTCallout.m */,
				A7E1A82C207E5C15004E5949 /* RCTCalloutManager.m */,
				A7E1A82E207E5C15004E5949 /* RCTCircle.h */,
				A7E1A82B207E5C15004E5949 /* RCTCircle.m */,
				A7E1A833207E5C16004E5949 /* RCTCircleManager.m */,
				A7E1A82F207E5C15004E5949 /* RCTHeatMap.h */,
				A7E1A82D207E5C15004E5949 /* RCTHeatMap.m */,
				A7E1A834207E5C16004E5949 /* RCTHeatMapManager.m */,
				A7E1A830207E5C15004E5949 /* RCTMapView.h */,
				A7E1A836207E5C16004E5949 /* RCTMapView.m */,
				A7E1A835207E5C16004E5949 /* RCTMapViewManager.m */,
				A7E1A837207E5C16004E5949 /* RCTMarker.h */,
				A7E1A829207E5C15004E5949 /* RCTMarker.m */,
				A7E1A83B207E5C17004E5949 /* RCTMarkerManager.m */,
				A7E1A832207E5C15004E5949 /* RCTOverlay.h */,
				A7E1A828207E5C14004E5949 /* RCTOverlay.m */,
				A7E1A838207E5C16004E5949 /* RCTPolygon.h */,
				A7E1A839207E5C16004E5949 /* RCTPolygon.m */,
				A7E1A83D207E5C17004E5949 /* RCTPolygonManager.m */,
				A7E1A83A207E5C17004E5949 /* RCTPolyline.h */,
				A7E1A82A207E5C15004E5949 /* RCTPolyline.m */,
				A7E1A83C207E5C17004E5949 /* RCTPolylineManager.m */,
			);
			path = MapView;
			sourceTree = "<group>";
		};
		A7E1A84D207E5C3D004E5949 /* Modules */ = {
			isa = PBXGroup;
			children = (
				A7E1A84F207E5C7F004E5949 /* RCTGeocodeModule.m */,
				A7E1A850207E5C7F004E5949 /* RCTInitializerModule.m */,
				A7E1A84E207E5C7E004E5949 /* RCTLocationModule.m */,
				A7E1AA43207EAEE0004E5949 /* RCTRouteModule.mm */,
			);
			path = Modules;
			sourceTree = "<group>";
		};
		A7E1A854207E5C95004E5949 /* Resources */ = {
			isa = PBXGroup;
			children = (
				A7E1AA40207E7EAD004E5949 /* marker@2x.png */,
				A7E1AA3F207E7EAD004E5949 /* marker@3x.png */,
				A7E1A9E7207E7AE6004E5949 /* RCTMarker.bundle */,
			);
			path = Resources;
			sourceTree = "<group>";
		};
/* End PBXGroup section */

/* Begin PBXNativeTarget section */
		A76BCB18207DB30A009B22F5 /* RCTCozBaiduMap */ = {
			isa = PBXNativeTarget;
			buildConfigurationList = A76BCB22207DB30A009B22F5 /* Build configuration list for PBXNativeTarget "RCTCozBaiduMap" */;
			buildPhases = (
				A76BCB15207DB30A009B22F5 /* Sources */,
				A76BCB16207DB30A009B22F5 /* Frameworks */,
				A76BCB17207DB30A009B22F5 /* CopyFiles */,
				A7E1AA37207E7D72004E5949 /* Resources */,
			);
			buildRules = (
			);
			dependencies = (
			);
			name = RCTCozBaiduMap;
			productName = RCTCozBaiduMap;
			productReference = A76BCB19207DB30A009B22F5 /* libRCTCozBaiduMap.a */;
			productType = "com.apple.product-type.library.static";
		};
/* End PBXNativeTarget section */

/* Begin PBXProject section */
		A76BCB11207DB30A009B22F5 /* Project object */ = {
			isa = PBXProject;
			attributes = {
				LastUpgradeCheck = 0930;
				ORGANIZATIONNAME = Coz;
				TargetAttributes = {
					A76BCB18207DB30A009B22F5 = {
						CreatedOnToolsVersion = 9.3;
					};
				};
			};
			buildConfigurationList = A76BCB14207DB30A009B22F5 /* Build configuration list for PBXProject "RCTCozBaiduMap" */;
			compatibilityVersion = "Xcode 9.3";
			developmentRegion = en;
			hasScannedForEncodings = 0;
			knownRegions = (
				en,
			);
			mainGroup = A76BCB10207DB30A009B22F5;
			productRefGroup = A76BCB1A207DB30A009B22F5 /* Products */;
			projectDirPath = "";
			projectRoot = "";
			targets = (
				A76BCB18207DB30A009B22F5 /* RCTCozBaiduMap */,
			);
		};
/* End PBXProject section */

/* Begin PBXResourcesBuildPhase section */
		A7E1AA37207E7D72004E5949 /* Resources */ = {
			isa = PBXResourcesBuildPhase;
			buildActionMask = 2147483647;
			files = (
				A7E1AA38207E7D7F004E5949 /* RCTMarker.bundle in Resources */,
				A7E1AA42207E7EAD004E5949 /* marker@2x.png in Resources */,
				A7E1AA41207E7EAD004E5949 /* marker@3x.png in Resources */,
			);
			runOnlyForDeploymentPostprocessing = 0;
		};
/* End PBXResourcesBuildPhase section */

/* Begin PBXSourcesBuildPhase section */
		A76BCB15207DB30A009B22F5 /* Sources */ = {
			isa = PBXSourcesBuildPhase;
			buildActionMask = 2147483647;
			files = (
				A7E1A844207E5C17004E5949 /* RCTHeatMap.m in Sources */,
				A7E1A853207E5C7F004E5949 /* RCTInitializerModule.m in Sources */,
				A7E1A84B207E5C17004E5949 /* RCTPolylineManager.m in Sources */,
				A7E1A847207E5C17004E5949 /* RCTMapViewManager.m in Sources */,
				A7E1A83E207E5C17004E5949 /* RCTCallout.m in Sources */,
				A7E1A84A207E5C17004E5949 /* RCTMarkerManager.m in Sources */,
				A7E1A845207E5C17004E5949 /* RCTCircleManager.m in Sources */,
				A7E1A852207E5C7F004E5949 /* RCTGeocodeModule.m in Sources */,
				A7E1A843207E5C17004E5949 /* RCTCalloutManager.m in Sources */,
				A7E1A848207E5C17004E5949 /* RCTMapView.m in Sources */,
				A7E1A84C207E5C17004E5949 /* RCTPolygonManager.m in Sources */,
				A7E1A842207E5C17004E5949 /* RCTCircle.m in Sources */,
				A7E1A83F207E5C17004E5949 /* RCTOverlay.m in Sources */,
				A7E1AA44207EAEE0004E5949 /* RCTRouteModule.mm in Sources */,
				A7E1A846207E5C17004E5949 /* RCTHeatMapManager.m in Sources */,
				A7E1A823207E5BD8004E5949 /* RCTUserLocation.m in Sources */,
				A7E1A825207E5BD8004E5949 /* RCTConvert+BaiduMap.m in Sources */,
				A7E1A824207E5BD8004E5949 /* RCTCoordinate.m in Sources */,
				A7E1A840207E5C17004E5949 /* RCTMarker.m in Sources */,
				A7E1A849207E5C17004E5949 /* RCTPolygon.m in Sources */,
				A7E1A851207E5C7F004E5949 /* RCTLocationModule.m in Sources */,
				A7E1A841207E5C17004E5949 /* RCTPolyline.m in Sources */,
			);
			runOnlyForDeploymentPostprocessing = 0;
		};
/* End PBXSourcesBuildPhase section */

/* Begin XCBuildConfiguration section */
		A76BCB20207DB30A009B22F5 /* Debug */ = {
			isa = XCBuildConfiguration;
			buildSettings = {
				ALWAYS_SEARCH_USER_PATHS = NO;
				CLANG_ANALYZER_NONNULL = YES;
				CLANG_ANALYZER_NUMBER_OBJECT_CONVERSION = YES_AGGRESSIVE;
				CLANG_CXX_LANGUAGE_STANDARD = "gnu++14";
				CLANG_CXX_LIBRARY = "libc++";
				CLANG_ENABLE_MODULES = YES;
				CLANG_ENABLE_OBJC_ARC = YES;
				CLANG_ENABLE_OBJC_WEAK = YES;
				CLANG_WARN_BLOCK_CAPTURE_AUTORELEASING = YES;
				CLANG_WARN_BOOL_CONVERSION = YES;
				CLANG_WARN_COMMA = YES;
				CLANG_WARN_CONSTANT_CONVERSION = YES;
				CLANG_WARN_DEPRECATED_OBJC_IMPLEMENTATIONS = YES;
				CLANG_WARN_DIRECT_OBJC_ISA_USAGE = YES_ERROR;
				CLANG_WARN_DOCUMENTATION_COMMENTS = YES;
				CLANG_WARN_EMPTY_BODY = YES;
				CLANG_WARN_ENUM_CONVERSION = YES;
				CLANG_WARN_INFINITE_RECURSION = YES;
				CLANG_WARN_INT_CONVERSION = YES;
				CLANG_WARN_NON_LITERAL_NULL_CONVERSION = YES;
				CLANG_WARN_OBJC_IMPLICIT_RETAIN_SELF = YES;
				CLANG_WARN_OBJC_LITERAL_CONVERSION = YES;
				CLANG_WARN_OBJC_ROOT_CLASS = YES_ERROR;
				CLANG_WARN_RANGE_LOOP_ANALYSIS = YES;
				CLANG_WARN_STRICT_PROTOTYPES = YES;
				CLANG_WARN_SUSPICIOUS_MOVE = YES;
				CLANG_WARN_UNGUARDED_AVAILABILITY = YES_AGGRESSIVE;
				CLANG_WARN_UNREACHABLE_CODE = YES;
				CLANG_WARN__DUPLICATE_METHOD_MATCH = YES;
				CODE_SIGN_IDENTITY = "iPhone Developer";
				COPY_PHASE_STRIP = NO;
				DEBUG_INFORMATION_FORMAT = dwarf;
				ENABLE_STRICT_OBJC_MSGSEND = YES;
				ENABLE_TESTABILITY = YES;
				GCC_C_LANGUAGE_STANDARD = gnu11;
				GCC_DYNAMIC_NO_PIC = NO;
				GCC_NO_COMMON_BLOCKS = YES;
				GCC_OPTIMIZATION_LEVEL = 0;
				GCC_PREPROCESSOR_DEFINITIONS = (
					"DEBUG=1",
					"$(inherited)",
				);
				GCC_WARN_64_TO_32_BIT_CONVERSION = YES;
				GCC_WARN_ABOUT_RETURN_TYPE = YES_ERROR;
				GCC_WARN_UNDECLARED_SELECTOR = YES;
				GCC_WARN_UNINITIALIZED_AUTOS = YES_AGGRESSIVE;
				GCC_WARN_UNUSED_FUNCTION = YES;
				GCC_WARN_UNUSED_VARIABLE = YES;
				IPHONEOS_DEPLOYMENT_TARGET = 11.3;
				MTL_ENABLE_DEBUG_INFO = YES;
				ONLY_ACTIVE_ARCH = YES;
				SDKROOT = iphoneos;
			};
			name = Debug;
		};
		A76BCB21207DB30A009B22F5 /* Release */ = {
			isa = XCBuildConfiguration;
			buildSettings = {
				ALWAYS_SEARCH_USER_PATHS = NO;
				CLANG_ANALYZER_NONNULL = YES;
				CLANG_ANALYZER_NUMBER_OBJECT_CONVERSION = YES_AGGRESSIVE;
				CLANG_CXX_LANGUAGE_STANDARD = "gnu++14";
				CLANG_CXX_LIBRARY = "libc++";
				CLANG_ENABLE_MODULES = YES;
				CLANG_ENABLE_OBJC_ARC = YES;
				CLANG_ENABLE_OBJC_WEAK = YES;
				CLANG_WARN_BLOCK_CAPTURE_AUTORELEASING = YES;
				CLANG_WARN_BOOL_CONVERSION = YES;
				CLANG_WARN_COMMA = YES;
				CLANG_WARN_CONSTANT_CONVERSION = YES;
				CLANG_WARN_DEPRECATED_OBJC_IMPLEMENTATIONS = YES;
				CLANG_WARN_DIRECT_OBJC_ISA_USAGE = YES_ERROR;
				CLANG_WARN_DOCUMENTATION_COMMENTS = YES;
				CLANG_WARN_EMPTY_BODY = YES;
				CLANG_WARN_ENUM_CONVERSION = YES;
				CLANG_WARN_INFINITE_RECURSION = YES;
				CLANG_WARN_INT_CONVERSION = YES;
				CLANG_WARN_NON_LITERAL_NULL_CONVERSION = YES;
				CLANG_WARN_OBJC_IMPLICIT_RETAIN_SELF = YES;
				CLANG_WARN_OBJC_LITERAL_CONVERSION = YES;
				CLANG_WARN_OBJC_ROOT_CLASS = YES_ERROR;
				CLANG_WARN_RANGE_LOOP_ANALYSIS = YES;
				CLANG_WARN_STRICT_PROTOTYPES = YES;
				CLANG_WARN_SUSPICIOUS_MOVE = YES;
				CLANG_WARN_UNGUARDED_AVAILABILITY = YES_AGGRESSIVE;
				CLANG_WARN_UNREACHABLE_CODE = YES;
				CLANG_WARN__DUPLICATE_METHOD_MATCH = YES;
				CODE_SIGN_IDENTITY = "iPhone Developer";
				COPY_PHASE_STRIP = NO;
				DEBUG_INFORMATION_FORMAT = "dwarf-with-dsym";
				ENABLE_NS_ASSERTIONS = NO;
				ENABLE_STRICT_OBJC_MSGSEND = YES;
				GCC_C_LANGUAGE_STANDARD = gnu11;
				GCC_NO_COMMON_BLOCKS = YES;
				GCC_WARN_64_TO_32_BIT_CONVERSION = YES;
				GCC_WARN_ABOUT_RETURN_TYPE = YES_ERROR;
				GCC_WARN_UNDECLARED_SELECTOR = YES;
				GCC_WARN_UNINITIALIZED_AUTOS = YES_AGGRESSIVE;
				GCC_WARN_UNUSED_FUNCTION = YES;
				GCC_WARN_UNUSED_VARIABLE = YES;
				IPHONEOS_DEPLOYMENT_TARGET = 11.3;
				MTL_ENABLE_DEBUG_INFO = NO;
				SDKROOT = iphoneos;
				VALIDATE_PRODUCT = YES;
			};
			name = Release;
		};
		A76BCB23207DB30A009B22F5 /* Debug */ = {
			isa = XCBuildConfiguration;
			buildSettings = {
				CODE_SIGN_STYLE = Automatic;
				DEVELOPMENT_TEAM = GC4WG44LA9;
				FRAMEWORK_SEARCH_PATHS = "$(SRCROOT)/libs";
				HEADER_SEARCH_PATHS = (
					"$(SRCROOT)/../../react-native/React/**",
					"$(SRCROOT)/../../react-native/Libraries/**",
					"$(SRCROOT)/**",
				);
				OTHER_LDFLAGS = "-ObjC";
				PRODUCT_NAME = "$(TARGET_NAME)";
				SKIP_INSTALL = YES;
				TARGETED_DEVICE_FAMILY = "1,2";
			};
			name = Debug;
		};
		A76BCB24207DB30A009B22F5 /* Release */ = {
			isa = XCBuildConfiguration;
			buildSettings = {
				CODE_SIGN_STYLE = Automatic;
				DEVELOPMENT_TEAM = GC4WG44LA9;
				FRAMEWORK_SEARCH_PATHS = "$(SRCROOT)/libs";
				HEADER_SEARCH_PATHS = (
					"$(SRCROOT)/../../react-native/React/**",
					"$(SRCROOT)/../../react-native/Libraries/**",
					"$(SRCROOT)/**",
				);
				OTHER_LDFLAGS = "-ObjC";
				PRODUCT_NAME = "$(TARGET_NAME)";
				SKIP_INSTALL = YES;
				TARGETED_DEVICE_FAMILY = "1,2";
			};
			name = Release;
		};
/* End XCBuildConfiguration section */

/* Begin XCConfigurationList section */
		A76BCB14207DB30A009B22F5 /* Build configuration list for PBXProject "RCTCozBaiduMap" */ = {
			isa = XCConfigurationList;
			buildConfigurations = (
				A76BCB20207DB30A009B22F5 /* Debug */,
				A76BCB21207DB30A009B22F5 /* Release */,
			);
			defaultConfigurationIsVisible = 0;
			defaultConfigurationName = Release;
		};
		A76BCB22207DB30A009B22F5 /* Build configuration list for PBXNativeTarget "RCTCozBaiduMap" */ = {
			isa = XCConfigurationList;
			buildConfigurations = (
				A76BCB23207DB30A009B22F5 /* Debug */,
				A76BCB24207DB30A009B22F5 /* Release */,
			);
			defaultConfigurationIsVisible = 0;
			defaultConfigurationName = Release;
		};
/* End XCConfigurationList section */
	};
	rootObject = A76BCB11207DB30A009B22F5 /* Project object */;
}
